{
  "version": 4,
  "terraform_version": "1.6.4",
  "serial": 4,
  "lineage": "4e585ad3-0a73-1377-a906-be8a8c3111ed",
  "outputs": {},
  "resources": [
    {
      "mode": "managed",
      "type": "azurerm_policy_definition",
      "name": "b_series_only",
      "provider": "provider[\"registry.terraform.io/hashicorp/azurerm\"]",
      "instances": [
        {
          "schema_version": 0,
          "attributes": {
            "description": "",
            "display_name": "Allow Only B-Series VMs",
            "id": "/subscriptions/6e31d38d-26b2-435f-b4bd-010764a59a32/providers/Microsoft.Authorization/policyDefinitions/b-series-vm-only",
            "management_group_id": "",
            "management_group_name": "",
            "metadata": "{\"createdBy\":\"1ceac359-24b0-4a81-aa78-1d4f59173275\",\"createdOn\":\"2025-02-13T08:12:38.6422859Z\",\"updatedBy\":null,\"updatedOn\":null}",
            "mode": "All",
            "name": "b-series-vm-only",
            "parameters": "",
            "policy_rule": "{\"if\":{\"allOf\":[{\"equals\":\"Microsoft.Compute/virtualMachines\",\"field\":\"type\"},{\"not\":{\"field\":\"Microsoft.Compute/virtualMachines/sku.name\",\"in\":[\"Standard_B1ls\",\"Standard_B1s\",\"Standard_B2s\",\"Standard_B2ms\",\"Standard_B4ms\",\"Standard_B8ms\"]}}]},\"then\":{\"effect\":\"Deny\"}}",
            "policy_type": "Custom",
            "timeouts": null
          },
          "sensitive_attributes": [],
          "private": "eyJlMmJmYjczMC1lY2FhLTExZTYtOGY4OC0zNDM2M2JjN2M0YzAiOnsiY3JlYXRlIjoxODAwMDAwMDAwMDAwLCJkZWxldGUiOjE4MDAwMDAwMDAwMDAsInJlYWQiOjMwMDAwMDAwMDAwMCwidXBkYXRlIjoxODAwMDAwMDAwMDAwfX0="
        }
      ]
    },
    {
      "mode": "managed",
      "type": "azurerm_resource_group",
      "name": "rg",
      "provider": "provider[\"registry.terraform.io/hashicorp/azurerm\"]",
      "instances": [
        {
          "schema_version": 0,
          "attributes": {
            "id": "/subscriptions/6e31d38d-26b2-435f-b4bd-010764a59a32/resourceGroups/restricted-rg",
            "location": "eastus",
            "name": "restricted-rg",
            "tags": null,
            "timeouts": null
          },
          "sensitive_attributes": [],
          "private": "eyJlMmJmYjczMC1lY2FhLTExZTYtOGY4OC0zNDM2M2JjN2M0YzAiOnsiY3JlYXRlIjo1NDAwMDAwMDAwMDAwLCJkZWxldGUiOjU0MDAwMDAwMDAwMDAsInJlYWQiOjMwMDAwMDAwMDAwMCwidXBkYXRlIjo1NDAwMDAwMDAwMDAwfX0="
        }
      ]
    },
    {
      "mode": "managed",
      "type": "azurerm_resource_group_policy_assignment",
      "name": "b_series_policy",
      "provider": "provider[\"registry.terraform.io/hashicorp/azurerm\"]",
      "instances": [
        {
          "schema_version": 0,
          "attributes": {
            "description": "Restricts VM deployment to only B-Series SKUs.",
            "display_name": "",
            "enforce": true,
            "id": "/subscriptions/6e31d38d-26b2-435f-b4bd-010764a59a32/resourceGroups/restricted-rg/providers/Microsoft.Authorization/policyAssignments/restrict-b-series-vms",
            "identity": [],
            "location": "",
            "metadata": "{\"createdBy\":\"1ceac359-24b0-4a81-aa78-1d4f59173275\",\"createdOn\":\"2025-02-13T08:14:13.9131221Z\",\"updatedBy\":null,\"updatedOn\":null}",
            "name": "restrict-b-series-vms",
            "non_compliance_message": [],
            "not_scopes": null,
            "parameters": "",
            "policy_definition_id": "/subscriptions/6e31d38d-26b2-435f-b4bd-010764a59a32/providers/Microsoft.Authorization/policyDefinitions/b-series-vm-only",
            "resource_group_id": "/subscriptions/6e31d38d-26b2-435f-b4bd-010764a59a32/resourceGroups/restricted-rg",
            "timeouts": null
          },
          "sensitive_attributes": [],
          "private": "eyJlMmJmYjczMC1lY2FhLTExZTYtOGY4OC0zNDM2M2JjN2M0YzAiOnsiY3JlYXRlIjoxODAwMDAwMDAwMDAwLCJkZWxldGUiOjE4MDAwMDAwMDAwMDAsInJlYWQiOjMwMDAwMDAwMDAwMCwidXBkYXRlIjoxODAwMDAwMDAwMDAwfX0=",
          "dependencies": [
            "azurerm_policy_definition.b_series_only",
            "azurerm_resource_group.rg"
          ]
        }
      ]
    }
  ],
  "check_results": null
}
